
Microsoft Visual Studio Solution File, Format Version 12.00
# Visual Studio 14
VisualStudioVersion = 14.0.25420.1
MinimumVisualStudioVersion = 10.0.40219.1
Project("{FAE04EC0-301F-11D3-BF4B-00C04F79EFBC}") = "Lib.Domain", "Lib.Domain\Lib.Domain.csproj", "{5CBCAD2A-90E5-4F3B-BB2C-AD74691DCBD8}"
EndProject
Project("{FAE04EC0-301F-11D3-BF4B-00C04F79EFBC}") = "Lib.Tests", "Lib.Tests\Lib.Tests.csproj", "{DE035EF1-BE4D-4316-91BA-62220DA50B5F}"
EndProject
Project("{FAE04EC0-301F-11D3-BF4B-00C04F79EFBC}") = "Lib.Web", "Lib.Web\Lib.Web.csproj", "{9EA92867-B95E-49E2-A0FC-AC86665FC9E1}"
EndProject
Global
	GlobalSection(SolutionConfigurationPlatforms) = preSolution
		Debug|Any CPU = Debug|Any CPU
		Release|Any CPU = Release|Any CPU
	EndGlobalSection
	GlobalSection(ProjectConfigurationPlatforms) = postSolution
		{5CBCAD2A-90E5-4F3B-BB2C-AD74691DCBD8}.Debug|Any CPU.ActiveCfg = Debug|Any CPU
		{5CBCAD2A-90E5-4F3B-BB2C-AD74691DCBD8}.Debug|Any CPU.Build.0 = Debug|Any CPU
		{5CBCAD2A-90E5-4F3B-BB2C-AD74691DCBD8}.Release|Any CPU.ActiveCfg = Release|Any CPU
		{5CBCAD2A-90E5-4F3B-BB2C-AD74691DCBD8}.Release|Any CPU.Build.0 = Release|Any CPU
		{DE035EF1-BE4D-4316-91BA-62220DA50B5F}.Debug|Any CPU.ActiveCfg = Debug|Any CPU
		{DE035EF1-BE4D-4316-91BA-62220DA50B5F}.Debug|Any CPU.Build.0 = Debug|Any CPU
		{DE035EF1-BE4D-4316-91BA-62220DA50B5F}.Release|Any CPU.ActiveCfg = Release|Any CPU
		{DE035EF1-BE4D-4316-91BA-62220DA50B5F}.Release|Any CPU.Build.0 = Release|Any CPU
		{9EA92867-B95E-49E2-A0FC-AC86665FC9E1}.Debug|Any CPU.ActiveCfg = Debug|Any CPU
		{9EA92867-B95E-49E2-A0FC-AC86665FC9E1}.Debug|Any CPU.Build.0 = Debug|Any CPU
		{9EA92867-B95E-49E2-A0FC-AC86665FC9E1}.Release|Any CPU.ActiveCfg = Release|Any CPU
		{9EA92867-B95E-49E2-A0FC-AC86665FC9E1}.Release|Any CPU.Build.0 = Release|Any CPU
	EndGlobalSection
	GlobalSection(SolutionProperties) = preSolution
		HideSolutionNode = FALSE
	EndGlobalSection
EndGlobal
